// !$*UTF8*$!
{
	archiveVersion = 1;
	classes = {
	};
	objectVersion = 77;
	objects = {

/* Begin PBXContainerItemProxy section */
		60C8FDB42EB7EA2E004F1897 /* PBXContainerItemProxy */ = {
			isa = PBXContainerItemProxy;
			containerPortal = 60C8FD9B2EB7EA2C004F1897 /* Project object */;
			proxyType = 1;
			remoteGlobalIDString = 60C8FDA22EB7EA2C004F1897;
			remoteInfo = LiDAR3DScanner;
		};
		60C8FDBE2EB7EA2E004F1897 /* PBXContainerItemProxy */ = {
			isa = PBXContainerItemProxy;
			containerPortal = 60C8FD9B2EB7EA2C004F1897 /* Project object */;
			proxyType = 1;
			remoteGlobalIDString = 60C8FDA22EB7EA2C004F1897;
			remoteInfo = LiDAR3DScanner;
		};
/* End PBXContainerItemProxy section */

/* Begin PBXFileReference section */
		60C8FDA32EB7EA2C004F1897 /* LiDAR3DScanner.app */ = {isa = PBXFileReference; explicitFileType = wrapper.application; includeInIndex = 0; path = LiDAR3DScanner.app; sourceTree = BUILT_PRODUCTS_DIR; };
		60C8FDB32EB7EA2E004F1897 /* LiDAR3DScannerTests.xctest */ = {isa = PBXFileReference; explicitFileType = wrapper.cfbundle; includeInIndex = 0; path = LiDAR3DScannerTests.xctest; sourceTree = BUILT_PRODUCTS_DIR; };
		60C8FDBD2EB7EA2E004F1897 /* LiDAR3DScannerUITests.xctest */ = {isa = PBXFileReference; explicitFileType = wrapper.cfbundle; includeInIndex = 0; path = LiDAR3DScannerUITests.xctest; sourceTree = BUILT_PRODUCTS_DIR; };
/* End PBXFileReference section */

/* Begin PBXFileSystemSynchronizedBuildFileExceptionSet section */
		60C8FDD12EB7EA74004F1897 /* Exceptions for "LiDAR3DScanner" folder in "LiDAR3DScanner" target */ = {
			isa = PBXFileSystemSynchronizedBuildFileExceptionSet;
			membershipExceptions = (
				Info.plist,
			);
			target = 60C8FDA22EB7EA2C004F1897 /* LiDAR3DScanner */;
		};
/* End PBXFileSystemSynchronizedBuildFileExceptionSet section */

/* Begin PBXFileSystemSynchronizedRootGroup section */
		60C8FDA52EB7EA2C004F1897 /* LiDAR3DScanner */ = {
			isa = PBXFileSystemSynchronizedRootGroup;
			exceptions = (
				60C8FDD12EB7EA74004F1897 /* Exceptions for "LiDAR3DScanner" folder in "LiDAR3DScanner" target */,
			);
			path = LiDAR3DScanner;
			sourceTree = "<group>";
		};
		60C8FDB62EB7EA2E004F1897 /* LiDAR3DScannerTests */ = {
			isa = PBXFileSystemSynchronizedRootGroup;
			path = LiDAR3DScannerTests;
			sourceTree = "<group>";
		};
		60C8FDC02EB7EA2E004F1897 /* LiDAR3DScannerUITests */ = {
			isa = PBXFileSystemSynchronizedRootGroup;
			path = LiDAR3DScannerUITests;
			sourceTree = "<group>";
		};
/* End PBXFileSystemSynchronizedRootGroup section */

/* Begin PBXFrameworksBuildPhase section */
		60C8FDA02EB7EA2C004F1897 /* Frameworks */ = {
			isa = PBXFrameworksBuildPhase;
			buildActionMask = 2147483647;
			files = (
			);
			runOnlyForDeploymentPostprocessing = 0;
		};
		60C8FDB02EB7EA2E004F1897 /* Frameworks */ = {
			isa = PBXFrameworksBuildPhase;
			buildActionMask = 2147483647;
			files = (
			);
			runOnlyForDeploymentPostprocessing = 0;
		};
		60C8FDBA2EB7EA2E004F1897 /* Frameworks */ = {
			isa = PBXFrameworksBuildPhase;
			buildActionMask = 2147483647;
			files = (
			);
			runOnlyForDeploymentPostprocessing = 0;
		};
/* End PBXFrameworksBuildPhase section */

/* Begin PBXGroup section */
		60C8FD9A2EB7EA2C004F1897 = {
			isa = PBXGroup;
			children = (
				60C8FDA52EB7EA2C004F1897 /* LiDAR3DScanner */,
				60C8FDB62EB7EA2E004F1897 /* LiDAR3DScannerTests */,
				60C8FDC02EB7EA2E004F1897 /* LiDAR3DScannerUITests */,
				60C8FDA42EB7EA2C004F1897 /* Products */,
			);
			sourceTree = "<group>";
		};
		60C8FDA42EB7EA2C004F1897 /* Products */ = {
			isa = PBXGroup;
			children = (
				60C8FDA32EB7EA2C004F1897 /* LiDAR3DScanner.app */,
				60C8FDB32EB7EA2E004F1897 /* LiDAR3DScannerTests.xctest */,
				60C8FDBD2EB7EA2E004F1897 /* LiDAR3DScannerUITests.xctest */,
			);
			name = Products;
			sourceTree = "<group>";
		};
/* End PBXGroup section */

/* Begin PBXNativeTarget section */
		60C8FDA22EB7EA2C004F1897 /* LiDAR3DScanner */ = {
			isa = PBXNativeTarget;
			buildConfigurationList = 60C8FDC72EB7EA2E004F1897 /* Build configuration list for PBXNativeTarget "LiDAR3DScanner" */;
			buildPhases = (
				60C8FD9F2EB7EA2C004F1897 /* Sources */,
				60C8FDA02EB7EA2C004F1897 /* Frameworks */,
				60C8FDA12EB7EA2C004F1897 /* Resources */,
			);
			buildRules = (
			);
			dependencies = (
			);
			fileSystemSynchronizedGroups = (
				60C8FDA52EB7EA2C004F1897 /* LiDAR3DScanner */,
			);
			name = LiDAR3DScanner;
			packageProductDependencies = (
			);
			productName = LiDAR3DScanner;
			productReference = 60C8FDA32EB7EA2C004F1897 /* LiDAR3DScanner.app */;
			productType = "com.apple.product-type.application";
		};
		60C8FDB22EB7EA2E004F1897 /* LiDAR3DScannerTests */ = {
			isa = PBXNativeTarget;
			buildConfigurationList = 60C8FDCA2EB7EA2E004F1897 /* Build configuration list for PBXNativeTarget "LiDAR3DScannerTests" */;
			buildPhases = (
				60C8FDAF2EB7EA2E004F1897 /* Sources */,
				60C8FDB02EB7EA2E004F1897 /* Frameworks */,
				60C8FDB12EB7EA2E004F1897 /* Resources */,
			);
			buildRules = (
			);
			dependencies = (
				60C8FDB52EB7EA2E004F1897 /* PBXTargetDependency */,
			);
			fileSystemSynchronizedGroups = (
				60C8FDB62EB7EA2E004F1897 /* LiDAR3DScannerTests */,
			);
			name = LiDAR3DScannerTests;
			packageProductDependencies = (
			);
			productName = LiDAR3DScannerTests;
			productReference = 60C8FDB32EB7EA2E004F1897 /* LiDAR3DScannerTests.xctest */;
			productType = "com.apple.product-type.bundle.unit-test";
		};
		60C8FDBC2EB7EA2E004F1897 /* LiDAR3DScannerUITests */ = {
			isa = PBXNativeTarget;
			buildConfigurationList = 60C8FDCD2EB7EA2E004F1897 /* Build configuration list for PBXNativeTarget "LiDAR3DScannerUITests" */;
			buildPhases = (
				60C8FDB92EB7EA2E004F1897 /* Sources */,
				60C8FDBA2EB7EA2E004F1897 /* Frameworks */,
				60C8FDBB2EB7EA2E004F1897 /* Resources */,
			);
			buildRules = (
			);
			dependencies = (
				60C8FDBF2EB7EA2E004F1897 /* PBXTargetDependency */,
			);
			fileSystemSynchronizedGroups = (
				60C8FDC02EB7EA2E004F1897 /* LiDAR3DScannerUITests */,
			);
			name = LiDAR3DScannerUITests;
			packageProductDependencies = (
			);
			productName = LiDAR3DScannerUITests;
			productReference = 60C8FDBD2EB7EA2E004F1897 /* LiDAR3DScannerUITests.xctest */;
			productType = "com.apple.product-type.bundle.ui-testing";
		};
/* End PBXNativeTarget section */

/* Begin PBXProject section */
		60C8FD9B2EB7EA2C004F1897 /* Project object */ = {
			isa = PBXProject;
			attributes = {
				BuildIndependentTargetsInParallel = 1;
				LastSwiftUpdateCheck = 1620;
				LastUpgradeCheck = 1620;
				TargetAttributes = {
					60C8FDA22EB7EA2C004F1897 = {
						CreatedOnToolsVersion = 16.2;
					};
					60C8FDB22EB7EA2E004F1897 = {
						CreatedOnToolsVersion = 16.2;
						TestTargetID = 60C8FDA22EB7EA2C004F1897;
					};
					60C8FDBC2EB7EA2E004F1897 = {
						CreatedOnToolsVersion = 16.2;
						TestTargetID = 60C8FDA22EB7EA2C004F1897;
					};
				};
			};
			buildConfigurationList = 60C8FD9E2EB7EA2C004F1897 /* Build configuration list for PBXProject "LiDAR3DScanner" */;
			developmentRegion = en;
			hasScannedForEncodings = 0;
			knownRegions = (
				en,
				Base,
			);
			mainGroup = 60C8FD9A2EB7EA2C004F1897;
			minimizedProjectReferenceProxies = 1;
			preferredProjectObjectVersion = 77;
			productRefGroup = 60C8FDA42EB7EA2C004F1897 /* Products */;
			projectDirPath = "";
			projectRoot = "";
			targets = (
				60C8FDA22EB7EA2C004F1897 /* LiDAR3DScanner */,
				60C8FDB22EB7EA2E004F1897 /* LiDAR3DScannerTests */,
				60C8FDBC2EB7EA2E004F1897 /* LiDAR3DScannerUITests */,
			);
		};
/* End PBXProject section */

/* Begin PBXResourcesBuildPhase section */
		60C8FDA12EB7EA2C004F1897 /* Resources */ = {
			isa = PBXResourcesBuildPhase;
			buildActionMask = 2147483647;
			files = (
			);
			runOnlyForDeploymentPostprocessing = 0;
		};
		60C8FDB12EB7EA2E004F1897 /* Resources */ = {
			isa = PBXResourcesBuildPhase;
			buildActionMask = 2147483647;
			files = (
			);
			runOnlyForDeploymentPostprocessing = 0;
		};
		60C8FDBB2EB7EA2E004F1897 /* Resources */ = {
			isa = PBXResourcesBuildPhase;
			buildActionMask = 2147483647;
			files = (
			);
			runOnlyForDeploymentPostprocessing = 0;
		};
/* End PBXResourcesBuildPhase section */

/* Begin PBXSourcesBuildPhase section */
		60C8FD9F2EB7EA2C004F1897 /* Sources */ = {
			isa = PBXSourcesBuildPhase;
			buildActionMask = 2147483647;
			files = (
			);
			runOnlyForDeploymentPostprocessing = 0;
		};
		60C8FDAF2EB7EA2E004F1897 /* Sources */ = {
			isa = PBXSourcesBuildPhase;
			buildActionMask = 2147483647;
			files = (
			);
			runOnlyForDeploymentPostprocessing = 0;
		};
		60C8FDB92EB7EA2E004F1897 /* Sources */ = {
			isa = PBXSourcesBuildPhase;
			buildActionMask = 2147483647;
			files = (
			);
			runOnlyForDeploymentPostprocessing = 0;
		};
/* End PBXSourcesBuildPhase section */

/* Begin PBXTargetDependency section */
		60C8FDB52EB7EA2E004F1897 /* PBXTargetDependency */ = {
			isa = PBXTargetDependency;
			target = 60C8FDA22EB7EA2C004F1897 /* LiDAR3DScanner */;
			targetProxy = 60C8FDB42EB7EA2E004F1897 /* PBXContainerItemProxy */;
		};
		60C8FDBF2EB7EA2E004F1897 /* PBXTargetDependency */ = {
			isa = PBXTargetDependency;
			target = 60C8FDA22EB7EA2C004F1897 /* LiDAR3DScanner */;
			targetProxy = 60C8FDBE2EB7EA2E004F1897 /* PBXContainerItemProxy */;
		};
/* End PBXTargetDependency section */

/* Begin XCBuildConfiguration section */
		60C8FDC52EB7EA2E004F1897 /* Debug */ = {
			isa = XCBuildConfiguration;
			buildSettings = {
				ALWAYS_SEARCH_USER_PATHS = NO;
				ASSETCATALOG_COMPILER_GENERATE_SWIFT_ASSET_SYMBOL_EXTENSIONS = YES;
				CLANG_ANALYZER_NONNULL = YES;
				CLANG_ANALYZER_NUMBER_OBJECT_CONVERSION = YES_AGGRESSIVE;
				CLANG_CXX_LANGUAGE_STANDARD = "gnu++20";
				CLANG_ENABLE_MODULES = YES;
				CLANG_ENABLE_OBJC_ARC = YES;
				CLANG_ENABLE_OBJC_WEAK = YES;
				CLANG_WARN_BLOCK_CAPTURE_AUTORELEASING = YES;
				CLANG_WARN_BOOL_CONVERSION = YES;
				CLANG_WARN_COMMA = YES;
				CLANG_WARN_CONSTANT_CONVERSION = YES;
				CLANG_WARN_DEPRECATED_OBJC_IMPLEMENTATIONS = YES;
				CLANG_WARN_DIRECT_OBJC_ISA_USAGE = YES_ERROR;
				CLANG_WARN_DOCUMENTATION_COMMENTS = YES;
				CLANG_WARN_EMPTY_BODY = YES;
				CLANG_WARN_ENUM_CONVERSION = YES;
				CLANG_WARN_INFINITE_RECURSION = YES;
				CLANG_WARN_INT_CONVERSION = YES;
				CLANG_WARN_NON_LITERAL_NULL_CONVERSION = YES;
				CLANG_WARN_OBJC_IMPLICIT_RETAIN_SELF = YES;
				CLANG_WARN_OBJC_LITERAL_CONVERSION = YES;
				CLANG_WARN_OBJC_ROOT_CLASS = YES_ERROR;
				CLANG_WARN_QUOTED_INCLUDE_IN_FRAMEWORK_HEADER = YES;
				CLANG_WARN_RANGE_LOOP_ANALYSIS = YES;
				CLANG_WARN_STRICT_PROTOTYPES = YES;
				CLANG_WARN_SUSPICIOUS_MOVE = YES;
				CLANG_WARN_UNGUARDED_AVAILABILITY = YES_AGGRESSIVE;
				CLANG_WARN_UNREACHABLE_CODE = YES;
				CLANG_WARN__DUPLICATE_METHOD_MATCH = YES;
				COPY_PHASE_STRIP = NO;
				DEBUG_INFORMATION_FORMAT = dwarf;
				ENABLE_STRICT_OBJC_MSGSEND = YES;
				ENABLE_TESTABILITY = YES;
				ENABLE_USER_SCRIPT_SANDBOXING = YES;
				GCC_C_LANGUAGE_STANDARD = gnu17;
				GCC_DYNAMIC_NO_PIC = NO;
				GCC_NO_COMMON_BLOCKS = YES;
				GCC_OPTIMIZATION_LEVEL = 0;
				GCC_PREPROCESSOR_DEFINITIONS = (
					"DEBUG=1",
					"$(inherited)",
				);
				GCC_WARN_64_TO_32_BIT_CONVERSION = YES;
				GCC_WARN_ABOUT_RETURN_TYPE = YES_ERROR;
				GCC_WARN_UNDECLARED_SELECTOR = YES;
				GCC_WARN_UNINITIALIZED_AUTOS = YES_AGGRESSIVE;
				GCC_WARN_UNUSED_FUNCTION = YES;
				GCC_WARN_UNUSED_VARIABLE = YES;
				IPHONEOS_DEPLOYMENT_TARGET = 18.2;
				LOCALIZATION_PREFERS_STRING_CATALOGS = YES;
				MTL_ENABLE_DEBUG_INFO = INCLUDE_SOURCE;
				MTL_FAST_MATH = YES;
				ONLY_ACTIVE_ARCH = YES;
				SDKROOT = iphoneos;
				SWIFT_ACTIVE_COMPILATION_CONDITIONS = "DEBUG $(inherited)";
				SWIFT_OPTIMIZATION_LEVEL = "-Onone";
			};
			name = Debug;
		};
		60C8FDC62EB7EA2E004F1897 /* Release */ = {
			isa = XCBuildConfiguration;
			buildSettings = {
				ALWAYS_SEARCH_USER_PATHS = NO;
				ASSETCATALOG_COMPILER_GENERATE_SWIFT_ASSET_SYMBOL_EXTENSIONS = YES;
				CLANG_ANALYZER_NONNULL = YES;
				CLANG_ANALYZER_NUMBER_OBJECT_CONVERSION = YES_AGGRESSIVE;
				CLANG_CXX_LANGUAGE_STANDARD = "gnu++20";
				CLANG_ENABLE_MODULES = YES;
				CLANG_ENABLE_OBJC_ARC = YES;
				CLANG_ENABLE_OBJC_WEAK = YES;
				CLANG_WARN_BLOCK_CAPTURE_AUTORELEASING = YES;
				CLANG_WARN_BOOL_CONVERSION = YES;
				CLANG_WARN_COMMA = YES;
				CLANG_WARN_CONSTANT_CONVERSION = YES;
				CLANG_WARN_DEPRECATED_OBJC_IMPLEMENTATIONS = YES;
				CLANG_WARN_DIRECT_OBJC_ISA_USAGE = YES_ERROR;
				CLANG_WARN_DOCUMENTATION_COMMENTS = YES;
				CLANG_WARN_EMPTY_BODY = YES;
				CLANG_WARN_ENUM_CONVERSION = YES;
				CLANG_WARN_INFINITE_RECURSION = YES;
				CLANG_WARN_INT_CONVERSION = YES;
				CLANG_WARN_NON_LITERAL_NULL_CONVERSION = YES;
				CLANG_WARN_OBJC_IMPLICIT_RETAIN_SELF = YES;
				CLANG_WARN_OBJC_LITERAL_CONVERSION = YES;
				CLANG_WARN_OBJC_ROOT_CLASS = YES_ERROR;
				CLANG_WARN_QUOTED_INCLUDE_IN_FRAMEWORK_HEADER = YES;
				CLANG_WARN_RANGE_LOOP_ANALYSIS = YES;
				CLANG_WARN_STRICT_PROTOTYPES = YES;
				CLANG_WARN_SUSPICIOUS_MOVE = YES;
				CLANG_WARN_UNGUARDED_AVAILABILITY = YES_AGGRESSIVE;
				CLANG_WARN_UNREACHABLE_CODE = YES;
				CLANG_WARN__DUPLICATE_METHOD_MATCH = YES;
				COPY_PHASE_STRIP = NO;
				DEBUG_INFORMATION_FORMAT = "dwarf-with-dsym";
				ENABLE_NS_ASSERTIONS = NO;
				ENABLE_STRICT_OBJC_MSGSEND = YES;
				ENABLE_USER_SCRIPT_SANDBOXING = YES;
				GCC_C_LANGUAGE_STANDARD = gnu17;
				GCC_NO_COMMON_BLOCKS = YES;
				GCC_WARN_64_TO_32_BIT_CONVERSION = YES;
				GCC_WARN_ABOUT_RETURN_TYPE = YES_ERROR;
				GCC_WARN_UNDECLARED_SELECTOR = YES;
				GCC_WARN_UNINITIALIZED_AUTOS = YES_AGGRESSIVE;
				GCC_WARN_UNUSED_FUNCTION = YES;
				GCC_WARN_UNUSED_VARIABLE = YES;
				IPHONEOS_DEPLOYMENT_TARGET = 18.2;
				LOCALIZATION_PREFERS_STRING_CATALOGS = YES;
				MTL_ENABLE_DEBUG_INFO = NO;
				MTL_FAST_MATH = YES;
				SDKROOT = iphoneos;
				SWIFT_COMPILATION_MODE = wholemodule;
				VALIDATE_PRODUCT = YES;
			};
			name = Release;
		};
		60C8FDC82EB7EA2E004F1897 /* Debug */ = {
			isa = XCBuildConfiguration;
			buildSettings = {
				ASSETCATALOG_COMPILER_APPICON_NAME = AppIcon;
				ASSETCATALOG_COMPILER_GLOBAL_ACCENT_COLOR_NAME = AccentColor;
				CODE_SIGN_STYLE = Automatic;
				CURRENT_PROJECT_VERSION = 1;
				DEVELOPMENT_ASSET_PATHS = "\"LiDAR3DScanner/Preview Content\"";
				DEVELOPMENT_TEAM = LK4H637G5H;
				ENABLE_PREVIEWS = YES;
				GENERATE_INFOPLIST_FILE = YES;
				INFOPLIST_FILE = LiDAR3DScanner/Info.plist;
				INFOPLIST_KEY_UIApplicationSceneManifest_Generation = YES;
				INFOPLIST_KEY_UIApplicationSupportsIndirectInputEvents = YES;
				INFOPLIST_KEY_UILaunchScreen_Generation = YES;
				INFOPLIST_KEY_UISupportedInterfaceOrientations_iPad = "UIInterfaceOrientationPortrait UIInterfaceOrientationPortraitUpsideDown UIInterfaceOrientationLandscapeLeft UIInterfaceOrientationLandscapeRight";
				INFOPLIST_KEY_UISupportedInterfaceOrientations_iPhone = "UIInterfaceOrientationPortrait UIInterfaceOrientationLandscapeLeft UIInterfaceOrientationLandscapeRight";
				IPHONEOS_DEPLOYMENT_TARGET = 15.6;
				LD_RUNPATH_SEARCH_PATHS = (
					"$(inherited)",
					"@executable_path/Frameworks",
				);
				MARKETING_VERSION = 1.0;
				PRODUCT_BUNDLE_IDENTIFIER = gaelzamora.LiDAR3DScanner;
				PRODUCT_NAME = "$(TARGET_NAME)";
				SWIFT_EMIT_LOC_STRINGS = YES;
				SWIFT_VERSION = 5.0;
				TARGETED_DEVICE_FAMILY = "1,2";
			};
			name = Debug;
		};
		60C8FDC92EB7EA2E004F1897 /* Release */ = {
			isa = XCBuildConfiguration;
			buildSettings = {
				ASSETCATALOG_COMPILER_APPICON_NAME = AppIcon;
				ASSETCATALOG_COMPILER_GLOBAL_ACCENT_COLOR_NAME = AccentColor;
				CODE_SIGN_STYLE = Automatic;
				CURRENT_PROJECT_VERSION = 1;
				DEVELOPMENT_ASSET_PATHS = "\"LiDAR3DScanner/Preview Content\"";
				DEVELOPMENT_TEAM = LK4H637G5H;
				ENABLE_PREVIEWS = YES;
				GENERATE_INFOPLIST_FILE = YES;
				INFOPLIST_FILE = LiDAR3DScanner/Info.plist;
				INFOPLIST_KEY_UIApplicationSceneManifest_Generation = YES;
				INFOPLIST_KEY_UIApplicationSupportsIndirectInputEvents = YES;
				INFOPLIST_KEY_UILaunchScreen_Generation = YES;
				INFOPLIST_KEY_UISupportedInterfaceOrientations_iPad = "UIInterfaceOrientationPortrait UIInterfaceOrientationPortraitUpsideDown UIInterfaceOrientationLandscapeLeft UIInterfaceOrientationLandscapeRight";
				INFOPLIST_KEY_UISupportedInterfaceOrientations_iPhone = "UIInterfaceOrientationPortrait UIInterfaceOrientationLandscapeLeft UIInterfaceOrientationLandscapeRight";
				IPHONEOS_DEPLOYMENT_TARGET = 15.6;
				LD_RUNPATH_SEARCH_PATHS = (
					"$(inherited)",
					"@executable_path/Frameworks",
				);
				MARKETING_VERSION = 1.0;
				PRODUCT_BUNDLE_IDENTIFIER = gaelzamora.LiDAR3DScanner;
				PRODUCT_NAME = "$(TARGET_NAME)";
				SWIFT_EMIT_LOC_STRINGS = YES;
				SWIFT_VERSION = 5.0;
				TARGETED_DEVICE_FAMILY = "1,2";
			};
			name = Release;
		};
		60C8FDCB2EB7EA2E004F1897 /* Debug */ = {
			isa = XCBuildConfiguration;
			buildSettings = {
				BUNDLE_LOADER = "$(TEST_HOST)";
				CODE_SIGN_STYLE = Automatic;
				CURRENT_PROJECT_VERSION = 1;
				DEVELOPMENT_TEAM = LK4H637G5H;
				GENERATE_INFOPLIST_FILE = YES;
				IPHONEOS_DEPLOYMENT_TARGET = 18.2;
				MARKETING_VERSION = 1.0;
				PRODUCT_BUNDLE_IDENTIFIER = gaelzamora.LiDAR3DScannerTests;
				PRODUCT_NAME = "$(TARGET_NAME)";
				SWIFT_EMIT_LOC_STRINGS = NO;
				SWIFT_VERSION = 5.0;
				TARGETED_DEVICE_FAMILY = "1,2";
				TEST_HOST = "$(BUILT_PRODUCTS_DIR)/LiDAR3DScanner.app/$(BUNDLE_EXECUTABLE_FOLDER_PATH)/LiDAR3DScanner";
			};
			name = Debug;
		};
		60C8FDCC2EB7EA2E004F1897 /* Release */ = {
			isa = XCBuildConfiguration;
			buildSettings = {
				BUNDLE_LOADER = "$(TEST_HOST)";
				CODE_SIGN_STYLE = Automatic;
				CURRENT_PROJECT_VERSION = 1;
				DEVELOPMENT_TEAM = LK4H637G5H;
				GENERATE_INFOPLIST_FILE = YES;
				IPHONEOS_DEPLOYMENT_TARGET = 18.2;
				MARKETING_VERSION = 1.0;
				PRODUCT_BUNDLE_IDENTIFIER = gaelzamora.LiDAR3DScannerTests;
				PRODUCT_NAME = "$(TARGET_NAME)";
				SWIFT_EMIT_LOC_STRINGS = NO;
				SWIFT_VERSION = 5.0;
				TARGETED_DEVICE_FAMILY = "1,2";
				TEST_HOST = "$(BUILT_PRODUCTS_DIR)/LiDAR3DScanner.app/$(BUNDLE_EXECUTABLE_FOLDER_PATH)/LiDAR3DScanner";
			};
			name = Release;
		};
		60C8FDCE2EB7EA2E004F1897 /* Debug */ = {
			isa = XCBuildConfiguration;
			buildSettings = {
				CODE_SIGN_STYLE = Automatic;
				CURRENT_PROJECT_VERSION = 1;
				DEVELOPMENT_TEAM = LK4H637G5H;
				GENERATE_INFOPLIST_FILE = YES;
				MARKETING_VERSION = 1.0;
				PRODUCT_BUNDLE_IDENTIFIER = gaelzamora.LiDAR3DScannerUITests;
				PRODUCT_NAME = "$(TARGET_NAME)";
				SWIFT_EMIT_LOC_STRINGS = NO;
				SWIFT_VERSION = 5.0;
				TARGETED_DEVICE_FAMILY = "1,2";
				TEST_TARGET_NAME = LiDAR3DScanner;
			};
			name = Debug;
		};
		60C8FDCF2EB7EA2E004F1897 /* Release */ = {
			isa = XCBuildConfiguration;
			buildSettings = {
				CODE_SIGN_STYLE = Automatic;
				CURRENT_PROJECT_VERSION = 1;
				DEVELOPMENT_TEAM = LK4H637G5H;
				GENERATE_INFOPLIST_FILE = YES;
				MARKETING_VERSION = 1.0;
				PRODUCT_BUNDLE_IDENTIFIER = gaelzamora.LiDAR3DScannerUITests;
				PRODUCT_NAME = "$(TARGET_NAME)";
				SWIFT_EMIT_LOC_STRINGS = NO;
				SWIFT_VERSION = 5.0;
				TARGETED_DEVICE_FAMILY = "1,2";
				TEST_TARGET_NAME = LiDAR3DScanner;
			};
			name = Release;
		};
/* End XCBuildConfiguration section */

/* Begin XCConfigurationList section */
		60C8FD9E2EB7EA2C004F1897 /* Build configuration list for PBXProject "LiDAR3DScanner" */ = {
			isa = XCConfigurationList;
			buildConfigurations = (
				60C8FDC52EB7EA2E004F1897 /* Debug */,
				60C8FDC62EB7EA2E004F1897 /* Release */,
			);
			defaultConfigurationIsVisible = 0;
			defaultConfigurationName = Release;
		};
		60C8FDC72EB7EA2E004F1897 /* Build configuration list for PBXNativeTarget "LiDAR3DScanner" */ = {
			isa = XCConfigurationList;
			buildConfigurations = (
				60C8FDC82EB7EA2E004F1897 /* Debug */,
				60C8FDC92EB7EA2E004F1897 /* Release */,
			);
			defaultConfigurationIsVisible = 0;
			defaultConfigurationName = Release;
		};
		60C8FDCA2EB7EA2E004F1897 /* Build configuration list for PBXNativeTarget "LiDAR3DScannerTests" */ = {
			isa = XCConfigurationList;
			buildConfigurations = (
				60C8FDCB2EB7EA2E004F1897 /* Debug */,
				60C8FDCC2EB7EA2E004F1897 /* Release */,
			);
			defaultConfigurationIsVisible = 0;
			defaultConfigurationName = Release;
		};
		60C8FDCD2EB7EA2E004F1897 /* Build configuration list for PBXNativeTarget "LiDAR3DScannerUITests" */ = {
			isa = XCConfigurationList;
			buildConfigurations = (
				60C8FDCE2EB7EA2E004F1897 /* Debug */,
				60C8FDCF2EB7EA2E004F1897 /* Release */,
			);
			defaultConfigurationIsVisible = 0;
			defaultConfigurationName = Release;
		};
/* End XCConfigurationList section */
	};
	rootObject = 60C8FD9B2EB7EA2C004F1897 /* Project object */;
}
